github.com/BurntSushi/toml v1.2.1/go.mod h1:CxXYINrC8qIiEnFrOxCa7Jy5BFHlXnUU2pbicEuybxQ=
github.com/BurntSushi/toml v1.6.0 h1:dRaEfpa2VI55EwlIW72hMRHdWouJeRF7TPYhI+AUQjk=
github.com/BurntSushi/toml v1.6.0/go.mod h1:ukJfTF/6rtPPRCnwkur4qwRxa8vTRFBF0uk2lLoLwho=
github.com/NekNB/CyberNavigate/swagger v0.0.0-20260603171028-5fd1b5bf804c h1:aRENMy5jNN0+iTMYP+7rjz71/ju3wbJAQ1JV8oHLvhc=
github.com/NekNB/CyberNavigate/swagger v0.0.0-20260603171028-5fd1b5bf804c/go.mod h1:EXRgzAUM1cYuXrA1MWbdzbGDk0hkRp0Kl/aClcxupQE=
github.com/NekNB/CyberNavigate/swagger v0.0.0-20260606192212-d37ba6d7b733 h1:agwWuLIDI4zYchSJ4SrqhK8T2lvOOAiuuOXmTVH48g0=
github.com/NekNB/CyberNavigate/swagger v0.0.0-20260606192212-d37ba6d7b733/go.mod h1:EXRgzAUM1cYuXrA1MWbdzbGDk0hkRp0Kl/aClcxupQE=
github.com/NekNB/CyberNavigate/swagger v0.0.0-20260706224850-c0a843ceee8f h1:iqI/Kvd+JVUYXN15erhzscjU24WPwkrR2HQdx/Onegc=
github.com/NekNB/CyberNavigate/swagger v0.0.0-20260706224850-c0a843ceee8f/go.mod h1:EXRgzAUM1cYuXrA1MWbdzbGDk0hkRp0Kl/aClcxupQE=
github.com/NekNB/CyberNavigate/swagger v0.0.0-20260707095759-c9262c3d5e64 h1:6C87EoVLDx0xLB+0CKO2RbmLWrW1ZCF5Yv+cSewOzMo=
github.com/NekNB/CyberNavigate/swagger v0.0.0-20260707095759-c9262c3d5e64/go.mod h1:EXRgzAUM1cYuXrA1MWbdzbGDk0hkRp0Kl/aClcxupQE=
github.com/NekNB/CyberNavigate/swagger v0.0.0-20260709225229-85fb1d76fa95 h1:VE8Z3bQRLOG08c+J+LAXlnFd+DyHq4G1NkgchjgYivY=
github.com/NekNB/CyberNavigate/swagger v0.0.0-20260709225229-85fb1d76fa95/go.mod h1:EXRgzAUM1cYuXrA1MWbdzbGDk0hkRp0Kl/aClcxupQE=
github.com/NekNB/CyberNavigate/swagger v0.0.0-20260709225924-3f941d303cac h1:9tMCIPZxKfvNHzw6EvSDSClWrALvmH/5lKufrmUsJWU=
github.com/NekNB/CyberNavigate/swagger v0.0.0-20260709225924-3f941d303cac/go.mod h1:EXRgzAUM1cYuXrA1MWbdzbGDk0hkRp0Kl/aClcxupQE=
github.com/NekNB/CyberNavigate/swagger v0.0.0-20260709230155-6f2b5d1217d7 h1:0KuVPiPvPck+YrpnDL1UBRFHXg3TY8O0ruK+y1Ybdcw=
github.com/NekNB/CyberNavigate/swagger v0.0.0-20260709230155-6f2b5d1217d7/go.mod h1:EXRgzAUM1cYuXrA1MWbdzbGDk0hkRp0Kl/aClcxupQE=
github.com/NekNB/CyberNavigate/swagger v0.0.0-20260710205256-ce7e1116ca9b h1:UaTJGKcxKpv5KXM0MiE+0QawFKhVSQOeZTncEbY5PQU=
github.com/NekNB/CyberNavigate/swagger v0.0.0-20260710205256-ce7e1116ca9b/go.mod h1:EXRgzAUM1cYuXrA1MWbdzbGDk0hkRp0Kl/aClcxupQE=
github.com/NekNB/CyberNavigate/swagger v0.0.0-20260710210956-b31556e7c4bc h1:JEFCPjQCsYV4sYvCcq/ycA8B/rubjiD1bPn+6PhXxG8=
github.com/NekNB/CyberNavigate/swagger v0.0.0-20260710210956-b31556e7c4bc/go.mod h1:EXRgzAUM1cYuXrA1MWbdzbGDk0hkRp0Kl/aClcxupQE=
github.com/NekNB/CyberNavigate/swagger v0.0.0-20260710225207-24c95e8930dc h1:YKPj5aqGqgVGLJEXrA3vU60iyQMU1LdbB7MSMykumv4=
github.com/NekNB/CyberNavigate/swagger v0.0.0-20260710225207-24c95e8930dc/go.mod h1:EXRgzAUM1cYuXrA1MWbdzbGDk0hkRp0Kl/aClcxupQE=
github.com/NekNB/CyberNavigate/swagger v0.0.0-20260712143533-59eb679a7289 h1:iG0XkHinkCEcV5nl7RcNazCM7wa31hi2xoTzI2uiFEI=
github.com/NekNB/CyberNavigate/swagger v0.0.0-20260712143533-59eb679a7289/go.mod h1:EXRgzAUM1cYuXrA1MWbdzbGDk0hkRp0Kl/aClcxupQE=
github.com/NekNB/CyberNavigate/swagger v0.0.0-20260712184527-c1240c346792 h1:j/LeTVW4qxDW9OBPX0pseJvV1cjRXM2yvLV1UtabasQ=
github.com/NekNB/CyberNavigate/swagger v0.0.0-20260712184527-c1240c346792/go.mod h1:EXRgzAUM1cYuXrA1MWbdzbGDk0hkRp0Kl/aClcxupQE=
github.com/NekNB/CyberNavigate/swagger v0.0.0-20260712195745-d0d2432e0695 h1:ouPQkhwVUOBdDoljh2Z9IYeZVElzgFpOa/oJh1uHbZg=
github.com/NekNB/CyberNavigate/swagger v0.0.0-20260712195745-d0d2432e0695/go.mod h1:EXRgzAUM1cYuXrA1MWbdzbGDk0hkRp0Kl/aClcxupQE=
github.com/NekNB/CyberNavigate/swagger v0.0.0-20260713153045-da1b11daad6f h1:QicY2xSmhyMMTucVfnkIEErTA3VZ+dPNe0DYD1nC4Pw=
github.com/NekNB/CyberNavigate/swagger v0.0.0-20260713153045-da1b11daad6f/go.mod h1:EXRgzAUM1cYuXrA1MWbdzbGDk0hkRp0Kl/aClcxupQE=
github.com/NekNB/CyberNavigate/swagger v0.0.0-20260715181312-2fe85fc2c41d h1:odUnTkkIvmnFlcg8ws8AZNBUqfk3nyZWarerluX/JJY=
github.com/NekNB/CyberNavigate/swagger v0.0.0-20260715181312-2fe85fc2c41d/go.mod h1:EXRgzAUM1cYuXrA1MWbdzbGDk0hkRp0Kl/aClcxupQE=
github.com/NekNB/CyberNavigate/swagger v0.0.0-20260716200040-d5cd4be76bfc h1:EgPXYFPh70XRlG6SDfIbRcWJh6BmJ8QIFmO/D8vYRNU=
github.com/NekNB/CyberNavigate/swagger v0.0.0-20260716200040-d5cd4be76bfc/go.mod h1:EXRgzAUM1cYuXrA1MWbdzbGDk0hkRp0Kl/aClcxupQE=
github.com/NekNB/CyberNavigate/swagger v0.0.0-20260726124203-6cb1d593c188 h1:oTYvgJuqaNlt3e1EEwSfsKL820AtskvYNTtIGIMCY5o=
github.com/NekNB/CyberNavigate/swagger v0.0.0-20260726124203-6cb1d593c188/go.mod h1:EXRgzAUM1cYuXrA1MWbdzbGDk0hkRp0Kl/aClcxupQE=
github.com/NekNB/CyberNavigate/swagger v0.0.0-20260726125649-c0582118d59f h1:Z+TkxapnZtvQqRDSrqvqkBjd7AI0hcKFkFFpSjdZKk0=
github.com/NekNB/CyberNavigate/swagger v0.0.0-20260726125649-c0582118d59f/go.mod h1:EXRgzAUM1cYuXrA1MWbdzbGDk0hkRp0Kl/aClcxupQE=
github.com/NekNB/CyberNavigate/swagger v0.0.0-20260726165358-8ee64d6f4184 h1:RHsV3gqdLFdrYsGZt3Mzp3zmLKPIJj7bQwDzpEefN2c=
github.com/NekNB/CyberNavigate/swagger v0.0.0-20260726165358-8ee64d6f4184/go.mod h1:EXRgzAUM1cYuXrA1MWbdzbGDk0hkRp0Kl/aClcxupQE=
github.com/NekNB/CyberNavigate/swagger v0.0.0-20260806151517-940b296c6d34 h1:DR8aL6VvpxPEGtYWplkXyV8ZC4Whtq6kfB0DgkD2RD8=
github.com/NekNB/CyberNavigate/swagger v0.0.0-20260806151517-940b296c6d34/go.mod h1:EXRgzAUM1cYuXrA1MWbdzbGDk0hkRp0Kl/aClcxupQE=
github.com/andybalholm/brotli v1.2.1 h1:R+f5xP285VArJDRgowrfb9DqL18yVK0gKAW/F+eTWro=
github.com/andybalholm/brotli v1.2.1/go.mod h1:rzTDkvFWvIrjDXZHkuS16NPggd91W3kUSvPlQ1pLaKY=
github.com/davecgh/go-spew v1.1.1 h1:vj9j/u1bqnvCEfJOwUhtlOARqs3+rkHYY13jYWTU97c=
github.com/davecgh/go-spew v1.1.1/go.mod h1:J7Y8YcW2NihsgmVo/mv3lAwl/skON4iLHjSsI+c5H38=
github.com/dlclark/regexp2 v1.11.0 h1:G/nrcoOa7ZXlpoa/91N3X7mM3r8eIlMBBJZvsz/mxKI=
github.com/dlclark/regexp2 v1.11.0/go.mod h1:DHkYz0B9wPfa6wondMfaivmHpzrQ3v9q8cnmRbL6yW8=
github.com/fxamacker/cbor/v2 v2.9.1 h1:2rWm8B193Ll4VdjsJY28jxs70IdDsHRWgQYAI80+rMQ=
github.com/fxamacker/cbor/v2 v2.9.1/go.mod h1:vM4b+DJCtHn+zz7h3FFp/hDAI9WNWCsZj23V5ytsSxQ=
github.com/getkin/kin-openapi v0.138.0 h1:ebfE0JAmF6AqHrNBy1KO3Fs68K9tPs48HalvLPo7Rv4=
github.com/getkin/kin-openapi v0.138.0/go.mod h1:vUYWaKyMqj7PfTybelXtLuLN9tReS12vxnzMRK+z2GY=
github.com/go-openapi/jsonpointer v0.21.0 h1:YgdVicSA9vH5RiHs9TZW5oyafXZFc6+2Vc1rr/O9oNQ=
github.com/go-openapi/jsonpointer v0.21.0/go.mod h1:IUyH9l/+uyhIYQ/PXVA41Rexl+kOkAPDdXEYns6fzUY=
github.com/go-openapi/swag v0.23.0 h1:vsEVJDUo2hPJ2tu0/Xc+4noaxyEffXNIs3cOULZ+GrE=
github.com/go-openapi/swag v0.23.0/go.mod h1:esZ8ITTYEsH1V2trKHjAN8Ai7xHb8RV+YSZ577vPjgQ=
github.com/go-test/deep v1.0.8 h1:TDsG77qcSprGbC6vTN8OuXp5g+J+b5Pcguhf7Zt61VM=
github.com/go-test/deep v1.0.8/go.mod h1:5C2ZWiW0ErCdrYzpqxLbTX7MG14M9iiw8DgHncVwcsE=
github.com/gofiber/fiber/v3 v3.2.0 h1:g9+09D320foINPpCnR3ibQ5oBEFHjAWRRfDG1te54u8=
github.com/gofiber/fiber/v3 v3.2.0/go.mod h1:FHOsc2Db7HhHpsE62QAaJlXVV1pNkbZEptZ4jtti7m4=
github.com/gofiber/schema v1.7.1 h1:oSJBKdgP8JeIME4TQSAqlNKTU2iBB+2RNmKi8Nsc+TI=
github.com/gofiber/schema v1.7.1/go.mod h1:A/X5Ffyru4p9eBdp99qu+nzviHzQiZ7odLT+TwxWhbk=
github.com/gofiber/utils/v2 v2.0.4 h1:WwAxUA7L4MW2DjdEHF234lfqvBqd2vYYuBtA9TJq2ec=
github.com/gofiber/utils/v2 v2.0.4/go.mod h1:GGERKU3Vhj5z6hS8YKvxL99A54DjOvTFZ0cjZnG4Lj4=
github.com/golang-jwt/jwt/v5 v5.3.1 h1:kYf81DTWFe7t+1VvL7eS+jKFVWaUnK9cB1qbwn63YCY=
github.com/golang-jwt/jwt/v5 v5.3.1/go.mod h1:fxCRLWMO43lRc8nhHWY6LGqRcf+1gQWArsqaEUEa5bE=
github.com/google/uuid v1.6.0 h1:NIvaJDMOsjHA8n1jAhLSgzrAzy1Hgr+hNrb57e+94F0=
github.com/google/uuid v1.6.0/go.mod h1:TIyPZe4MgqvfeYDBFedMoGGpEw/LqOeaOT+nhxU+yHo=
github.com/ilyakaznacheev/cleanenv v1.5.0 h1:0VNZXggJE2OYdXE87bfSSwGxeiGt9moSR2lOrsHHvr4=
github.com/ilyakaznacheev/cleanenv v1.5.0/go.mod h1:a5aDzaJrLCQZsazHol1w8InnDcOX0OColm64SlIi6gk=
github.com/joho/godotenv v1.5.1 h1:7eLL/+HRGLY0ldzfGMeQkb7vMd0as4CfYvUVzLqw0N0=
github.com/joho/godotenv v1.5.1/go.mod h1:f4LDr5Voq0i2e/R5DDNOoa2zzDfwtkZa6DnEwAbqwq4=
github.com/josharian/intern v1.0.0 h1:vlS4z54oSdjm0bgjRigI+G1HpF+tI+9rE5LLzOg8HmY=
github.com/josharian/intern v1.0.0/go.mod h1:5DoeVV0s6jJacbCEi61lwdGj/aVlrQvzHFFd8Hwg//Y=
github.com/klauspost/compress v1.18.5 h1:/h1gH5Ce+VWNLSWqPzOVn6XBO+vJbCNGvjoaGBFW2IE=
github.com/klauspost/compress v1.18.5/go.mod h1:cwPg85FWrGar70rWktvGQj8/hthj3wpl0PGDogxkrSQ=
github.com/kr/pretty v0.3.1 h1:flRD4NNwYAUpkphVc1HcthR4KEIFJ65n8Mw5qdRn3LE=
github.com/kr/pretty v0.3.1/go.mod h1:hoEshYVHaxMs3cyo3Yncou5ZscifuDolrwPKZanG3xk=
github.com/kr/text v0.2.0 h1:5Nx0Ya0ZqY2ygV366QzturHI13Jq95ApcVaJBhpS+AY=
github.com/kr/text v0.2.0/go.mod h1:eLer722TekiGuMkidMxC/pM04lWEeraHUUmBw8l2grE=
github.com/mailru/easyjson v0.7.7 h1:UGYAvKxe3sBsEDzO8ZeWOSlIQfWFlxbzLZe7hwFURr0=
github.com/mailru/easyjson v0.7.7/go.mod h1:xzfreul335JAWq5oZzymOObrkdz5UnU4kGfJJLY9Nlc=
github.com/mattn/go-colorable v0.1.14 h1:9A9LHSqF/7dyVVX6g0U9cwm9pG3kP9gSzcuIPHPsaIE=
github.com/mattn/go-colorable v0.1.14/go.mod h1:6LmQG8QLFO4G5z1gPvYEzlUgJ2wF+stgPZH1UqBm1s8=
github.com/mattn/go-isatty v0.0.21 h1:xYae+lCNBP7QuW4PUnNG61ffM4hVIfm+zUzDuSzYLGs=
github.com/mattn/go-isatty v0.0.21/go.mod h1:ZXfXG4SQHsB/w3ZeOYbR0PrPwLy+n6xiMrJlRFqopa4=
github.com/mohae/deepcopy v0.0.0-20170929034955-c48cc78d4826 h1:RWengNIwukTxcDr9M+97sNutRR1RKhG96O6jWumTTnw=
github.com/mohae/deepcopy v0.0.0-20170929034955-c48cc78d4826/go.mod h1:TaXosZuwdSHYgviHp1DAtfrULt5eUgsSMsZf+YrPgl8=
github.com/oasdiff/yaml v0.0.9 h1:zQOvd2UKoozsSsAknnWoDJlSK4lC0mpmjfDsfqNwX48=
github.com/oasdiff/yaml v0.0.9/go.mod h1:8lvhgJG4xiKPj3HN5lDow4jZHPlx1i7dIwzkdAo6oAM=
github.com/oasdiff/yaml3 v0.0.12 h1:75urAtPeDg2/iDEWwzNrLOWxI9N/dCh81nTTJtokt2M=
github.com/oasdiff/yaml3 v0.0.12/go.mod h1:y5+oSEHCPT/DGrS++Wc/479ERge0zTFxaF8PbGKcg2o=
github.com/perimeterx/marshmallow v1.1.5 h1:a2LALqQ1BlHM8PZblsDdidgv1mWi1DgC2UmX50IvK2s=
github.com/perimeterx/marshmallow v1.1.5/go.mod h1:dsXbUu8CRzfYP5a87xpp0xq9S3u0Vchtcl8we9tYaXw=
github.com/philhofer/fwd v1.2.0 h1:e6DnBTl7vGY+Gz322/ASL4Gyp1FspeMvx1RNDoToZuM=
github.com/philhofer/fwd v1.2.0/go.mod h1:RqIHx9QI14HlwKwm98g9Re5prTQ6LdeRQn+gXJFxsJM=
github.com/pmezard/go-difflib v1.0.0 h1:4DBwDE0NGyQoBHbLQYPwSUPoCMWR5BEzIk/f1lZbAQM=
github.com/pmezard/go-difflib v1.0.0/go.mod h1:iKH77koFhYxTK1pcRnkKkqfTogsbg7gZNVY4sRDYZ/4=
github.com/rogpeppe/go-internal v1.14.1 h1:UQB4HGPB6osV0SQTLymcB4TgvyWu6ZyliaW0tI/otEQ=
github.com/rogpeppe/go-internal v1.14.1/go.mod h1:MaRKkUm5W0goXpeCfT7UZI6fk/L7L7so1lCWt35ZSgc=
github.com/santhosh-tekuri/jsonschema/v6 v6.0.2 h1:KRzFb2m7YtdldCEkzs6KqmJw4nqEVZGK7IN2kJkjTuQ=
github.com/santhosh-tekuri/jsonschema/v6 v6.0.2/go.mod h1:JXeL+ps8p7/KNMjDQk3TCwPpBy0wYklyWTfbkIzdIFU=
github.com/shamaton/msgpack/v3 v3.1.0 h1:jsk0vEAqVvvS9+fTZ5/EcQ9tz860c9pWxJ4Iwecz8gU=
github.com/shamaton/msgpack/v3 v3.1.0/go.mod h1:DcQG8jrdrQCIxr3HlMYkiXdMhK+KfN2CitkyzsQV4uc=
github.com/sirupsen/logrus v1.9.4 h1:TsZE7l11zFCLZnZ+teH4Umoq5BhEIfIzfRDZ1Uzql2w=
github.com/sirupsen/logrus v1.9.4/go.mod h1:ftWc9WdOfJ0a92nsE2jF5u5ZwH8Bv2zdeOC42RjbV2g=
github.com/stretchr/testify v1.11.1 h1:7s2iGBzp5EwR7/aIZr8ao5+dra3wiQyKjjFuvgVKu7U=
github.com/stretchr/testify v1.11.1/go.mod h1:wZwfW3scLgRK+23gO65QZefKpKQRnfz6sD981Nm4B6U=
github.com/tinylib/msgp v1.6.4 h1:mOwYbyYDLPj35mkA2BjjYejgJk9BuHxDdvRnb6v2ZcQ=
github.com/tinylib/msgp v1.6.4/go.mod h1:RSp0LW9oSxFut3KzESt5Voq4GVWyS+PSulT77roAqEA=
github.com/ugorji/go/codec v1.2.7 h1:YPXUKf7fYbp/y8xloBqZOw2qaVggbfwMlI8WM3wZUJ0=
github.com/ugorji/go/codec v1.2.7/go.mod h1:WGN1fab3R1fzQlVQTkfxVtIBhWDRqOviHU95kRgeqEY=
github.com/valyala/bytebufferpool v1.0.0 h1:GqA5TC/0021Y/b9FG4Oi9Mr3q7XYx6KllzawFIhcdPw=
github.com/valyala/bytebufferpool v1.0.0/go.mod h1:6bBcMArwyJ5K/AmCkWv1jt77kVWyCJ6HpOuEn7z0Csc=
github.com/valyala/fasthttp v1.70.0 h1:LAhMGcWk13QZWm85+eg8ZBNbrq5mnkWFGbHMUJHIdXA=
github.com/valyala/fasthttp v1.70.0/go.mod h1:oDZEHHkJ/Buyklg6uURmYs19442zFSnCIfX3j1FY3pE=
github.com/woodsbury/decimal128 v1.3.0 h1:8pffMNWIlC0O5vbyHWFZAt5yWvWcrHA+3ovIIjVWss0=
github.com/woodsbury/decimal128 v1.3.0/go.mod h1:C5UTmyTjW3JftjUFzOVhC20BEQa2a4ZKOB5I6Zjb+ds=
github.com/x448/float16 v0.8.4 h1:qLwI1I70+NjRFUR3zs1JPUCgaCXSh3SW62uAKT1mSBM=
github.com/x448/float16 v0.8.4/go.mod h1:14CWIYCyZA/cWjXOioeEpHeN/83MdbZDRQHoFcYsOfg=
github.com/xyproto/randomstring v1.0.5 h1:YtlWPoRdgMu3NZtP45drfy1GKoojuR7hmRcnhZqKjWU=
github.com/xyproto/randomstring v1.0.5/go.mod h1:rgmS5DeNXLivK7YprL0pY+lTuhNQW3iGxZ18UQApw/E=
golang.org/x/crypto v0.50.0 h1:zO47/JPrL6vsNkINmLoo/PH1gcxpls50DNogFvB5ZGI=
golang.org/x/crypto v0.50.0/go.mod h1:3muZ7vA7PBCE6xgPX7nkzzjiUq87kRItoJQM1Yo8S+Q=
golang.org/x/net v0.53.0 h1:d+qAbo5L0orcWAr0a9JweQpjXF19LMXJE8Ey7hwOdUA=
golang.org/x/net v0.53.0/go.mod h1:JvMuJH7rrdiCfbeHoo3fCQU24Lf5JJwT9W3sJFulfgs=
golang.org/x/sys v0.43.0 h1:Rlag2XtaFTxp19wS8MXlJwTvoh8ArU6ezoyFsMyCTNI=
golang.org/x/sys v0.43.0/go.mod h1:4GL1E5IUh+htKOUEOaiffhrAeqysfVGipDYzABqnCmw=
golang.org/x/text v0.36.0 h1:JfKh3XmcRPqZPKevfXVpI1wXPTqbkE5f7JA92a55Yxg=
golang.org/x/text v0.36.0/go.mod h1:NIdBknypM8iqVmPiuco0Dh6P5Jcdk8lJL0CUebqK164=
gopkg.in/check.v1 v0.0.0-20161208181325-20d25e280405/go.mod h1:Co6ibVJAznAaIkqp8huTwlJQCZ016jof/cbN4VW5Yz0=
gopkg.in/check.v1 v1.0.0-20201130134442-10cb98267c6c h1:Hei/4ADfdWqJk1ZMxUNpqntNwaWcugrBjAiHlqqRiVk=
gopkg.in/check.v1 v1.0.0-20201130134442-10cb98267c6c/go.mod h1:JHkPIbrfpd72SG/EVd6muEfDQjcINNoR0C8j2r3qZ4Q=
gopkg.in/yaml.v3 v3.0.1 h1:fxVm/GzAzEWqLHuvctI91KS9hhNmmWOoWu0XTYJS7CA=
gopkg.in/yaml.v3 v3.0.1/go.mod h1:K4uyk7z7BCEPqu6E+C64Yfv1cQ7kz7rIZviUmN+EgEM=
olympos.io/encoding/edn v0.0.0-20201019073823-d3554ca0b0a3 h1:slmdOY3vp8a7KQbHkL+FLbvbkgMqmXojpFUO/jENuqQ=
olympos.io/encoding/edn v0.0.0-20201019073823-d3554ca0b0a3/go.mod h1:oVgVk4OWVDi43qWBEyGhXgYxt7+ED4iYNpTngSLX2Iw=
